
Microsoft Visual Studio Solution File, Format Version 12.00
# Visual Studio Version 17
VisualStudioVersion = 17.0.31903.59
MinimumVisualStudioVersion = 10.0.40219.1
Project("{2150E333-8FDC-42A3-9474-1A3956D46DE8}") = "src", "src", "{827E0CD3-B72D-47B6-A68D-7590B98EB39B}"
EndProject
Project("{FAE04EC0-301F-11D3-BF4B-00C04F79EFBC}") = "HealthApi", "src\HealthApi\HealthApi.csproj", "{B1292970-84F8-4E82-87D3-9BA82C0600CB}"
EndProject
Project("{2150E333-8FDC-42A3-9474-1A3956D46DE8}") = "tests", "tests", "{0AB3BF05-4346-4AA6-1389-037BE0695223}"
EndProject
Project("{FAE04EC0-301F-11D3-BF4B-00C04F79EFBC}") = "HealthApi.UnitTests", "tests\HealthApi.UnitTests\HealthApi.UnitTests.csproj", "{90D75F65-2037-4167-9806-672588AEF0A2}"
EndProject
Project("{FAE04EC0-301F-11D3-BF4B-00C04F79EFBC}") = "HealthApi.IntegrationTests", "tests\HealthApi.IntegrationTests\HealthApi.IntegrationTests.csproj", "{E6DC4263-F5E4-4BC9-AA96-2AAB67A4A97E}"
EndProject
Global
	GlobalSection(SolutionConfigurationPlatforms) = preSolution
		Debug|Any CPU = Debug|Any CPU
		Debug|x64 = Debug|x64
		Debug|x86 = Debug|x86
		Release|Any CPU = Release|Any CPU
		Release|x64 = Release|x64
		Release|x86 = Release|x86
	EndGlobalSection
	GlobalSection(ProjectConfigurationPlatforms) = postSolution
		{B1292970-84F8-4E82-87D3-9BA82C0600CB}.Debug|Any CPU.ActiveCfg = Debug|Any CPU
		{B1292970-84F8-4E82-87D3-9BA82C0600CB}.Debug|Any CPU.Build.0 = Debug|Any CPU
		{B1292970-84F8-4E82-87D3-9BA82C0600CB}.Debug|x64.ActiveCfg = Debug|Any CPU
		{B1292970-84F8-4E82-87D3-9BA82C0600CB}.Debug|x64.Build.0 = Debug|Any CPU
		{B1292970-84F8-4E82-87D3-9BA82C0600CB}.Debug|x86.ActiveCfg = Debug|Any CPU
		{B1292970-84F8-4E82-87D3-9BA82C0600CB}.Debug|x86.Build.0 = Debug|Any CPU
		{B1292970-84F8-4E82-87D3-9BA82C0600CB}.Release|Any CPU.ActiveCfg = Release|Any CPU
		{B1292970-84F8-4E82-87D3-9BA82C0600CB}.Release|Any CPU.Build.0 = Release|Any CPU
		{B1292970-84F8-4E82-87D3-9BA82C0600CB}.Release|x64.ActiveCfg = Release|Any CPU
		{B1292970-84F8-4E82-87D3-9BA82C0600CB}.Release|x64.Build.0 = Release|Any CPU
		{B1292970-84F8-4E82-87D3-9BA82C0600CB}.Release|x86.ActiveCfg = Release|Any CPU
		{B1292970-84F8-4E82-87D3-9BA82C0600CB}.Release|x86.Build.0 = Release|Any CPU
		{90D75F65-2037-4167-9806-672588AEF0A2}.Debug|Any CPU.ActiveCfg = Debug|Any CPU
		{90D75F65-2037-4167-9806-672588AEF0A2}.Debug|Any CPU.Build.0 = Debug|Any CPU
		{90D75F65-2037-4167-9806-672588AEF0A2}.Debug|x64.ActiveCfg = Debug|Any CPU
		{90D75F65-2037-4167-9806-672588AEF0A2}.Debug|x64.Build.0 = Debug|Any CPU
		{90D75F65-2037-4167-9806-672588AEF0A2}.Debug|x86.ActiveCfg = Debug|Any CPU
		{90D75F65-2037-4167-9806-672588AEF0A2}.Debug|x86.Build.0 = Debug|Any CPU
		{90D75F65-2037-4167-9806-672588AEF0A2}.Release|Any CPU.ActiveCfg = Release|Any CPU
		{90D75F65-2037-4167-9806-672588AEF0A2}.Release|Any CPU.Build.0 = Release|Any CPU
		{90D75F65-2037-4167-9806-672588AEF0A2}.Release|x64.ActiveCfg = Release|Any CPU
		{90D75F65-2037-4167-9806-672588AEF0A2}.Release|x64.Build.0 = Release|Any CPU
		{90D75F65-2037-4167-9806-672588AEF0A2}.Release|x86.ActiveCfg = Release|Any CPU
		{90D75F65-2037-4167-9806-672588AEF0A2}.Release|x86.Build.0 = Release|Any CPU
		{E6DC4263-F5E4-4BC9-AA96-2AAB67A4A97E}.Debug|Any CPU.ActiveCfg = Debug|Any CPU
		{E6DC4263-F5E4-4BC9-AA96-2AAB67A4A97E}.Debug|Any CPU.Build.0 = Debug|Any CPU
		{E6DC4263-F5E4-4BC9-AA96-2AAB67A4A97E}.Debug|x64.ActiveCfg = Debug|Any CPU
		{E6DC4263-F5E4-4BC9-AA96-2AAB67A4A97E}.Debug|x64.Build.0 = Debug|Any CPU
		{E6DC4263-F5E4-4BC9-AA96-2AAB67A4A97E}.Debug|x86.ActiveCfg = Debug|Any CPU
		{E6DC4263-F5E4-4BC9-AA96-2AAB67A4A97E}.Debug|x86.Build.0 = Debug|Any CPU
		{E6DC4263-F5E4-4BC9-AA96-2AAB67A4A97E}.Release|Any CPU.ActiveCfg = Release|Any CPU
		{E6DC4263-F5E4-4BC9-AA96-2AAB67A4A97E}.Release|Any CPU.Build.0 = Release|Any CPU
		{E6DC4263-F5E4-4BC9-AA96-2AAB67A4A97E}.Release|x64.ActiveCfg = Release|Any CPU
		{E6DC4263-F5E4-4BC9-AA96-2AAB67A4A97E}.Release|x64.Build.0 = Release|Any CPU
		{E6DC4263-F5E4-4BC9-AA96-2AAB67A4A97E}.Release|x86.ActiveCfg = Release|Any CPU
		{E6DC4263-F5E4-4BC9-AA96-2AAB67A4A97E}.Release|x86.Build.0 = Release|Any CPU
	EndGlobalSection
	GlobalSection(SolutionProperties) = preSolution
		HideSolutionNode = FALSE
	EndGlobalSection
	GlobalSection(NestedProjects) = preSolution
		{B1292970-84F8-4E82-87D3-9BA82C0600CB} = {827E0CD3-B72D-47B6-A68D-7590B98EB39B}
		{90D75F65-2037-4167-9806-672588AEF0A2} = {0AB3BF05-4346-4AA6-1389-037BE0695223}
		{E6DC4263-F5E4-4BC9-AA96-2AAB67A4A97E} = {0AB3BF05-4346-4AA6-1389-037BE0695223}
	EndGlobalSection
EndGlobal
